// !$*UTF8*$!
{
	archiveVersion = 1;
	classes = {
	};
	objectVersion = 56;
	objects = {

/* Begin PBXBuildFile section */
		8B43CE0D2ACFFE5100E5250C /* AppDelegate.swift in Sources */ = {isa = PBXBuildFile; fileRef = 8B43CE0C2ACFFE5100E5250C /* AppDelegate.swift */; };
		8B43CE0F2ACFFE5100E5250C /* SceneDelegate.swift in Sources */ = {isa = PBXBuildFile; fileRef = 8B43CE0E2ACFFE5100E5250C /* SceneDelegate.swift */; };
		8B43CE112ACFFE5100E5250C /* ViewController.swift in Sources */ = {isa = PBXBuildFile; fileRef = 8B43CE102ACFFE5100E5250C /* ViewController.swift */; };
		8B43CE142ACFFE5100E5250C /* Main.storyboard in Resources */ = {isa = PBXBuildFile; fileRef = 8B43CE122ACFFE5100E5250C /* Main.storyboard */; };
		8B43CE162ACFFE5200E5250C /* Assets.xcassets in Resources */ = {isa = PBXBuildFile; fileRef = 8B43CE152ACFFE5200E5250C /* Assets.xcassets */; };
		8B43CE192ACFFE5200E5250C /* LaunchScreen.storyboard in Resources */ = {isa = PBXBuildFile; fileRef = 8B43CE172ACFFE5200E5250C /* LaunchScreen.storyboard */; };
		8B43CE2C2AD158DD00E5250C /* .gitignore in Resources */ = {isa = PBXBuildFile; fileRef = 8B43CE2B2AD158DD00E5250C /* .gitignore */; };
		8B43CE2E2AD1590A00E5250C /* GoogleService-Info.plist in Resources */ = {isa = PBXBuildFile; fileRef = 8B43CE2D2AD1590A00E5250C /* GoogleService-Info.plist */; };
		8B43CE322AD1B62400E5250C /* MainSearchViewController.swift in Sources */ = {isa = PBXBuildFile; fileRef = 8B43CE312AD1B62400E5250C /* MainSearchViewController.swift */; };
		8B43CE382AD1BCEA00E5250C /* RegistedRestaurantListViewController.swift in Sources */ = {isa = PBXBuildFile; fileRef = 8B43CE372AD1BCEA00E5250C /* RegistedRestaurantListViewController.swift */; };
		8B43CE3D2AD2E71D00E5250C /* KakaoLocalAPI.swift in Sources */ = {isa = PBXBuildFile; fileRef = 8B43CE3C2AD2E71D00E5250C /* KakaoLocalAPI.swift */; };
		8B43CE3F2AD2EF9D00E5250C /* Network.swift in Sources */ = {isa = PBXBuildFile; fileRef = 8B43CE3E2AD2EF9D00E5250C /* Network.swift */; };
		8B43CE412AD2F2E700E5250C /* Restaurant.swift in Sources */ = {isa = PBXBuildFile; fileRef = 8B43CE402AD2F2E700E5250C /* Restaurant.swift */; };
		8B43CE432AD3169D00E5250C /* MainSearchViewModel.swift in Sources */ = {isa = PBXBuildFile; fileRef = 8B43CE422AD3169D00E5250C /* MainSearchViewModel.swift */; };
		8B43CE462AD3FCE200E5250C /* MainMapViewController.swift in Sources */ = {isa = PBXBuildFile; fileRef = 8B43CE452AD3FCE200E5250C /* MainMapViewController.swift */; };
		8B43CE492AD3FD1500E5250C /* BaseViewController.swift in Sources */ = {isa = PBXBuildFile; fileRef = 8B43CE482AD3FD1500E5250C /* BaseViewController.swift */; };
		8B43CE502AD5178400E5250C /* MainSearchTableViewCell.swift in Sources */ = {isa = PBXBuildFile; fileRef = 8B43CE4F2AD5178400E5250C /* MainSearchTableViewCell.swift */; };
		8B43CE522AD517EB00E5250C /* BaseTableViewCell.swift in Sources */ = {isa = PBXBuildFile; fileRef = 8B43CE512AD517EB00E5250C /* BaseTableViewCell.swift */; };
		8B43CE542AD5212900E5250C /* MainSearchTableViewController.swift in Sources */ = {isa = PBXBuildFile; fileRef = 8B43CE532AD5212900E5250C /* MainSearchTableViewController.swift */; };
		8B43CE562AD5217D00E5250C /* ReusableViewProtocol.swift in Sources */ = {isa = PBXBuildFile; fileRef = 8B43CE552AD5217D00E5250C /* ReusableViewProtocol.swift */; };
		8B43CE582AD5C3E900E5250C /* Observable.swift in Sources */ = {isa = PBXBuildFile; fileRef = 8B43CE572AD5C3E900E5250C /* Observable.swift */; };
		8B43CE6D2AD83ED800E5250C /* MainMapViewBottomSheetView.swift in Sources */ = {isa = PBXBuildFile; fileRef = 8B43CE6C2AD83ED800E5250C /* MainMapViewBottomSheetView.swift */; };
		8B43CE712ADAAA6300E5250C /* HistoryListViewController.swift in Sources */ = {isa = PBXBuildFile; fileRef = 8B43CE702ADAAA6300E5250C /* HistoryListViewController.swift */; };
		8B43CE742ADAD92900E5250C /* Alamofire in Frameworks */ = {isa = PBXBuildFile; productRef = 8B43CE732ADAD92900E5250C /* Alamofire */; };
		8B43CE772ADAD95500E5250C /* FirebaseAnalyticsWithoutAdIdSupport in Frameworks */ = {isa = PBXBuildFile; productRef = 8B43CE762ADAD95500E5250C /* FirebaseAnalyticsWithoutAdIdSupport */; };
		8B43CE792ADAD95500E5250C /* FirebaseCrashlytics in Frameworks */ = {isa = PBXBuildFile; productRef = 8B43CE782ADAD95500E5250C /* FirebaseCrashlytics */; };
		8B43CE7C2ADAD97400E5250C /* SnapKit in Frameworks */ = {isa = PBXBuildFile; productRef = 8B43CE7B2ADAD97400E5250C /* SnapKit */; };
		8B43CE7F2ADAD9D400E5250C /* Realm in Frameworks */ = {isa = PBXBuildFile; productRef = 8B43CE7E2ADAD9D400E5250C /* Realm */; };
		8B43CE812ADAD9D400E5250C /* RealmSwift in Frameworks */ = {isa = PBXBuildFile; productRef = 8B43CE802ADAD9D400E5250C /* RealmSwift */; };
		8B43CE832ADBDF6900E5250C /* RestaurantTable.swift in Sources */ = {isa = PBXBuildFile; fileRef = 8B43CE822ADBDF6900E5250C /* RestaurantTable.swift */; };
		8B43CE852ADBE57A00E5250C /* HistoryTable.swift in Sources */ = {isa = PBXBuildFile; fileRef = 8B43CE842ADBE57A00E5250C /* HistoryTable.swift */; };
		8B43CE872ADBF95B00E5250C /* HistoryRegisterViewController.swift in Sources */ = {isa = PBXBuildFile; fileRef = 8B43CE862ADBF95B00E5250C /* HistoryRegisterViewController.swift */; };
		8B43CE8A2ADC605800E5250C /* Cosmos in Frameworks */ = {isa = PBXBuildFile; productRef = 8B43CE892ADC605800E5250C /* Cosmos */; };
		8B43CE8C2ADE532200E5250C /* RealmRepository.swift in Sources */ = {isa = PBXBuildFile; fileRef = 8B43CE8B2ADE532200E5250C /* RealmRepository.swift */; };
		8B43CE8E2ADE856500E5250C /* FileManager+Extension.swift in Sources */ = {isa = PBXBuildFile; fileRef = 8B43CE8D2ADE856500E5250C /* FileManager+Extension.swift */; };
		8B43CE922ADEC6BB00E5250C /* HistoryTableViewCell.swift in Sources */ = {isa = PBXBuildFile; fileRef = 8B43CE912ADEC6BB00E5250C /* HistoryTableViewCell.swift */; };
		8BB2D7DD2ADFF5CC00510018 /* HistoryDetailViewController.swift in Sources */ = {isa = PBXBuildFile; fileRef = 8BB2D7DC2ADFF5CC00510018 /* HistoryDetailViewController.swift */; };
		8BB2D7F42AE10C6800510018 /* RestaurantListCell.swift in Sources */ = {isa = PBXBuildFile; fileRef = 8BB2D7F32AE10C6800510018 /* RestaurantListCell.swift */; };
		8BB2D7F82AE28BF400510018 /* TapType.swift in Sources */ = {isa = PBXBuildFile; fileRef = 8BB2D7F72AE28BF400510018 /* TapType.swift */; };
		8BB2D7FA2AE41B9B00510018 /* PageControl.swift in Sources */ = {isa = PBXBuildFile; fileRef = 8BB2D7F92AE41B9B00510018 /* PageControl.swift */; };
		8BB2D7FC2AE422DC00510018 /* ImageCollectionViewCell.swift in Sources */ = {isa = PBXBuildFile; fileRef = 8BB2D7FB2AE422DC00510018 /* ImageCollectionViewCell.swift */; };
		8BB2D7FE2AE422FA00510018 /* BaseCollectionViewCell.swift in Sources */ = {isa = PBXBuildFile; fileRef = 8BB2D7FD2AE422FA00510018 /* BaseCollectionViewCell.swift */; };
		8BB2D8052AE670BD00510018 /* GradientView.swift in Sources */ = {isa = PBXBuildFile; fileRef = 8BB2D8042AE670BD00510018 /* GradientView.swift */; };
/* End PBXBuildFile section */

/* Begin PBXFileReference section */
		8B43CE092ACFFE5100E5250C /* WhereIAte.app */ = {isa = PBXFileReference; explicitFileType = wrapper.application; includeInIndex = 0; path = WhereIAte.app; sourceTree = BUILT_PRODUCTS_DIR; };
		8B43CE0C2ACFFE5100E5250C /* AppDelegate.swift */ = {isa = PBXFileReference; lastKnownFileType = sourcecode.swift; path = AppDelegate.swift; sourceTree = "<group>"; };
		8B43CE0E2ACFFE5100E5250C /* SceneDelegate.swift */ = {isa = PBXFileReference; lastKnownFileType = sourcecode.swift; path = SceneDelegate.swift; sourceTree = "<group>"; };
		8B43CE102ACFFE5100E5250C /* ViewController.swift */ = {isa = PBXFileReference; lastKnownFileType = sourcecode.swift; path = ViewController.swift; sourceTree = "<group>"; };
		8B43CE132ACFFE5100E5250C /* Base */ = {isa = PBXFileReference; lastKnownFileType = file.storyboard; name = Base; path = Base.lproj/Main.storyboard; sourceTree = "<group>"; };
		8B43CE152ACFFE5200E5250C /* Assets.xcassets */ = {isa = PBXFileReference; lastKnownFileType = folder.assetcatalog; path = Assets.xcassets; sourceTree = "<group>"; };
		8B43CE182ACFFE5200E5250C /* Base */ = {isa = PBXFileReference; lastKnownFileType = file.storyboard; name = Base; path = Base.lproj/LaunchScreen.storyboard; sourceTree = "<group>"; };
		8B43CE1A2ACFFE5200E5250C /* Info.plist */ = {isa = PBXFileReference; lastKnownFileType = text.plist.xml; path = Info.plist; sourceTree = "<group>"; };
		8B43CE2B2AD158DD00E5250C /* .gitignore */ = {isa = PBXFileReference; lastKnownFileType = text; path = .gitignore; sourceTree = "<group>"; };
		8B43CE2D2AD1590A00E5250C /* GoogleService-Info.plist */ = {isa = PBXFileReference; fileEncoding = 4; lastKnownFileType = text.plist.xml; path = "GoogleService-Info.plist"; sourceTree = "<group>"; };
		8B43CE312AD1B62400E5250C /* MainSearchViewController.swift */ = {isa = PBXFileReference; lastKnownFileType = sourcecode.swift; path = MainSearchViewController.swift; sourceTree = "<group>"; };
		8B43CE372AD1BCEA00E5250C /* RegistedRestaurantListViewController.swift */ = {isa = PBXFileReference; lastKnownFileType = sourcecode.swift; path = RegistedRestaurantListViewController.swift; sourceTree = "<group>"; };
		8B43CE3C2AD2E71D00E5250C /* KakaoLocalAPI.swift */ = {isa = PBXFileReference; lastKnownFileType = sourcecode.swift; path = KakaoLocalAPI.swift; sourceTree = "<group>"; };
		8B43CE3E2AD2EF9D00E5250C /* Network.swift */ = {isa = PBXFileReference; lastKnownFileType = sourcecode.swift; path = Network.swift; sourceTree = "<group>"; };
		8B43CE402AD2F2E700E5250C /* Restaurant.swift */ = {isa = PBXFileReference; lastKnownFileType = sourcecode.swift; path = Restaurant.swift; sourceTree = "<group>"; };
		8B43CE422AD3169D00E5250C /* MainSearchViewModel.swift */ = {isa = PBXFileReference; lastKnownFileType = sourcecode.swift; path = MainSearchViewModel.swift; sourceTree = "<group>"; };
		8B43CE452AD3FCE200E5250C /* MainMapViewController.swift */ = {isa = PBXFileReference; lastKnownFileType = sourcecode.swift; path = MainMapViewController.swift; sourceTree = "<group>"; };
		8B43CE482AD3FD1500E5250C /* BaseViewController.swift */ = {isa = PBXFileReference; lastKnownFileType = sourcecode.swift; path = BaseViewController.swift; sourceTree = "<group>"; };
		8B43CE4F2AD5178400E5250C /* MainSearchTableViewCell.swift */ = {isa = PBXFileReference; lastKnownFileType = sourcecode.swift; path = MainSearchTableViewCell.swift; sourceTree = "<group>"; };
		8B43CE512AD517EB00E5250C /* BaseTableViewCell.swift */ = {isa = PBXFileReference; lastKnownFileType = sourcecode.swift; path = BaseTableViewCell.swift; sourceTree = "<group>"; };
		8B43CE532AD5212900E5250C /* MainSearchTableViewController.swift */ = {isa = PBXFileReference; lastKnownFileType = sourcecode.swift; path = MainSearchTableViewController.swift; sourceTree = "<group>"; };
		8B43CE552AD5217D00E5250C /* ReusableViewProtocol.swift */ = {isa = PBXFileReference; lastKnownFileType = sourcecode.swift; path = ReusableViewProtocol.swift; sourceTree = "<group>"; };
		8B43CE572AD5C3E900E5250C /* Observable.swift */ = {isa = PBXFileReference; lastKnownFileType = sourcecode.swift; path = Observable.swift; sourceTree = "<group>"; };
		8B43CE6C2AD83ED800E5250C /* MainMapViewBottomSheetView.swift */ = {isa = PBXFileReference; lastKnownFileType = sourcecode.swift; path = MainMapViewBottomSheetView.swift; sourceTree = "<group>"; };
		8B43CE702ADAAA6300E5250C /* HistoryListViewController.swift */ = {isa = PBXFileReference; lastKnownFileType = sourcecode.swift; path = HistoryListViewController.swift; sourceTree = "<group>"; };
		8B43CE822ADBDF6900E5250C /* RestaurantTable.swift */ = {isa = PBXFileReference; lastKnownFileType = sourcecode.swift; path = RestaurantTable.swift; sourceTree = "<group>"; };
		8B43CE842ADBE57A00E5250C /* HistoryTable.swift */ = {isa = PBXFileReference; lastKnownFileType = sourcecode.swift; path = HistoryTable.swift; sourceTree = "<group>"; };
		8B43CE862ADBF95B00E5250C /* HistoryRegisterViewController.swift */ = {isa = PBXFileReference; lastKnownFileType = sourcecode.swift; path = HistoryRegisterViewController.swift; sourceTree = "<group>"; };
		8B43CE8B2ADE532200E5250C /* RealmRepository.swift */ = {isa = PBXFileReference; lastKnownFileType = sourcecode.swift; path = RealmRepository.swift; sourceTree = "<group>"; };
		8B43CE8D2ADE856500E5250C /* FileManager+Extension.swift */ = {isa = PBXFileReference; lastKnownFileType = sourcecode.swift; path = "FileManager+Extension.swift"; sourceTree = "<group>"; };
		8B43CE912ADEC6BB00E5250C /* HistoryTableViewCell.swift */ = {isa = PBXFileReference; lastKnownFileType = sourcecode.swift; path = HistoryTableViewCell.swift; sourceTree = "<group>"; };
		8BB2D7DC2ADFF5CC00510018 /* HistoryDetailViewController.swift */ = {isa = PBXFileReference; lastKnownFileType = sourcecode.swift; path = HistoryDetailViewController.swift; sourceTree = "<group>"; };
		8BB2D7F32AE10C6800510018 /* RestaurantListCell.swift */ = {isa = PBXFileReference; lastKnownFileType = sourcecode.swift; path = RestaurantListCell.swift; sourceTree = "<group>"; };
		8BB2D7F72AE28BF400510018 /* TapType.swift */ = {isa = PBXFileReference; lastKnownFileType = sourcecode.swift; path = TapType.swift; sourceTree = "<group>"; };
		8BB2D7F92AE41B9B00510018 /* PageControl.swift */ = {isa = PBXFileReference; lastKnownFileType = sourcecode.swift; path = PageControl.swift; sourceTree = "<group>"; };
		8BB2D7FB2AE422DC00510018 /* ImageCollectionViewCell.swift */ = {isa = PBXFileReference; lastKnownFileType = sourcecode.swift; path = ImageCollectionViewCell.swift; sourceTree = "<group>"; };
		8BB2D7FD2AE422FA00510018 /* BaseCollectionViewCell.swift */ = {isa = PBXFileReference; lastKnownFileType = sourcecode.swift; path = BaseCollectionViewCell.swift; sourceTree = "<group>"; };
		8BB2D8042AE670BD00510018 /* GradientView.swift */ = {isa = PBXFileReference; lastKnownFileType = sourcecode.swift; path = GradientView.swift; sourceTree = "<group>"; };
/* End PBXFileReference section */

/* Begin PBXFrameworksBuildPhase section */
		8B43CE062ACFFE5100E5250C /* Frameworks */ = {
			isa = PBXFrameworksBuildPhase;
			buildActionMask = 2147483647;
			files = (
				8B43CE812ADAD9D400E5250C /* RealmSwift in Frameworks */,
				8B43CE772ADAD95500E5250C /* FirebaseAnalyticsWithoutAdIdSupport in Frameworks */,
				8B43CE8A2ADC605800E5250C /* Cosmos in Frameworks */,
				8B43CE792ADAD95500E5250C /* FirebaseCrashlytics in Frameworks */,
				8B43CE7C2ADAD97400E5250C /* SnapKit in Frameworks */,
				8B43CE742ADAD92900E5250C /* Alamofire in Frameworks */,
				8B43CE7F2ADAD9D400E5250C /* Realm in Frameworks */,
			);
			runOnlyForDeploymentPostprocessing = 0;
		};
/* End PBXFrameworksBuildPhase section */

/* Begin PBXGroup section */
		8B43CE002ACFFE5100E5250C = {
			isa = PBXGroup;
			children = (
				8B43CE0B2ACFFE5100E5250C /* WhereIAte */,
				8B43CE0A2ACFFE5100E5250C /* Products */,
			);
			sourceTree = "<group>";
		};
		8B43CE0A2ACFFE5100E5250C /* Products */ = {
			isa = PBXGroup;
			children = (
				8B43CE092ACFFE5100E5250C /* WhereIAte.app */,
			);
			name = Products;
			sourceTree = "<group>";
		};
		8B43CE0B2ACFFE5100E5250C /* WhereIAte */ = {
			isa = PBXGroup;
			children = (
				8B43CE0C2ACFFE5100E5250C /* AppDelegate.swift */,
				8B43CE0E2ACFFE5100E5250C /* SceneDelegate.swift */,
				8B43CE102ACFFE5100E5250C /* ViewController.swift */,
				8B43CE122ACFFE5100E5250C /* Main.storyboard */,
				8B43CE152ACFFE5200E5250C /* Assets.xcassets */,
				8B43CE172ACFFE5200E5250C /* LaunchScreen.storyboard */,
				8B43CE8F2ADE85FA00E5250C /* Utility */,
				8B43CE6E2ADA733E00E5250C /* Realm */,
				8B43CE472AD3FD0400E5250C /* Base */,
				8B43CE392AD2ACC600E5250C /* Network */,
				8B43CE332AD1BC7500E5250C /* Scene */,
				8B43CE1A2ACFFE5200E5250C /* Info.plist */,
				8B43CE2D2AD1590A00E5250C /* GoogleService-Info.plist */,
				8B43CE2B2AD158DD00E5250C /* .gitignore */,
			);
			path = WhereIAte;
			sourceTree = "<group>";
		};
		8B43CE302AD1B5C400E5250C /* MainSearchTableView */ = {
			isa = PBXGroup;
			children = (
				8B43CE532AD5212900E5250C /* MainSearchTableViewController.swift */,
				8B43CE4F2AD5178400E5250C /* MainSearchTableViewCell.swift */,
				8B43CE422AD3169D00E5250C /* MainSearchViewModel.swift */,
				8B43CE312AD1B62400E5250C /* MainSearchViewController.swift */,
			);
			path = MainSearchTableView;
			sourceTree = "<group>";
		};
		8B43CE332AD1BC7500E5250C /* Scene */ = {
			isa = PBXGroup;
			children = (
				8B43CE342AD1BC8100E5250C /* MainTab */,
				8B43CE352AD1BC9C00E5250C /* ListTab */,
			);
			path = Scene;
			sourceTree = "<group>";
		};
		8B43CE342AD1BC8100E5250C /* MainTab */ = {
			isa = PBXGroup;
			children = (
				8B43CE572AD5C3E900E5250C /* Observable.swift */,
				8B43CE442AD3FCCC00E5250C /* MainMapView */,
				8B43CE302AD1B5C400E5250C /* MainSearchTableView */,
				8B43CE6F2ADAA9FD00E5250C /* HistoryView */,
			);
			path = MainTab;
			sourceTree = "<group>";
		};
		8B43CE352AD1BC9C00E5250C /* ListTab */ = {
			isa = PBXGroup;
			children = (
				8B43CE362AD1BCBF00E5250C /* RegistedRestaurantListView */,
			);
			path = ListTab;
			sourceTree = "<group>";
		};
		8B43CE362AD1BCBF00E5250C /* RegistedRestaurantListView */ = {
			isa = PBXGroup;
			children = (
				8B43CE372AD1BCEA00E5250C /* RegistedRestaurantListViewController.swift */,
				8BB2D7F32AE10C6800510018 /* RestaurantListCell.swift */,
				8BB2D8042AE670BD00510018 /* GradientView.swift */,
			);
			path = RegistedRestaurantListView;
			sourceTree = "<group>";
		};
		8B43CE392AD2ACC600E5250C /* Network */ = {
			isa = PBXGroup;
			children = (
				8B43CE3C2AD2E71D00E5250C /* KakaoLocalAPI.swift */,
				8B43CE3E2AD2EF9D00E5250C /* Network.swift */,
				8B43CE402AD2F2E700E5250C /* Restaurant.swift */,
			);
			path = Network;
			sourceTree = "<group>";
		};
		8B43CE442AD3FCCC00E5250C /* MainMapView */ = {
			isa = PBXGroup;
			children = (
				8B43CE452AD3FCE200E5250C /* MainMapViewController.swift */,
				8B43CE6C2AD83ED800E5250C /* MainMapViewBottomSheetView.swift */,
			);
			path = MainMapView;
			sourceTree = "<group>";
		};
		8B43CE472AD3FD0400E5250C /* Base */ = {
			isa = PBXGroup;
			children = (
				8B43CE482AD3FD1500E5250C /* BaseViewController.swift */,
				8B43CE512AD517EB00E5250C /* BaseTableViewCell.swift */,
				8B43CE552AD5217D00E5250C /* ReusableViewProtocol.swift */,
				8BB2D7FD2AE422FA00510018 /* BaseCollectionViewCell.swift */,
			);
			path = Base;
			sourceTree = "<group>";
		};
		8B43CE6E2ADA733E00E5250C /* Realm */ = {
			isa = PBXGroup;
			children = (
				8B43CE822ADBDF6900E5250C /* RestaurantTable.swift */,
				8B43CE842ADBE57A00E5250C /* HistoryTable.swift */,
				8B43CE8B2ADE532200E5250C /* RealmRepository.swift */,
			);
			path = Realm;
			sourceTree = "<group>";
		};
		8B43CE6F2ADAA9FD00E5250C /* HistoryView */ = {
			isa = PBXGroup;
			children = (
				8B43CE702ADAAA6300E5250C /* HistoryListViewController.swift */,
				8B43CE862ADBF95B00E5250C /* HistoryRegisterViewController.swift */,
				8B43CE912ADEC6BB00E5250C /* HistoryTableViewCell.swift */,
				8BB2D7DC2ADFF5CC00510018 /* HistoryDetailViewController.swift */,
				8BB2D7FB2AE422DC00510018 /* ImageCollectionViewCell.swift */,
				8BB2D7F92AE41B9B00510018 /* PageControl.swift */,
			);
			path = HistoryView;
			sourceTree = "<group>";
		};
		8B43CE8F2ADE85FA00E5250C /* Utility */ = {
			isa = PBXGroup;
			children = (
				8B43CE8D2ADE856500E5250C /* FileManager+Extension.swift */,
				8BB2D7F72AE28BF400510018 /* TapType.swift */,
			);
			path = Utility;
			sourceTree = "<group>";
		};
/* End PBXGroup section */

/* Begin PBXNativeTarget section */
		8B43CE082ACFFE5100E5250C /* WhereIAte */ = {
			isa = PBXNativeTarget;
			buildConfigurationList = 8B43CE1D2ACFFE5200E5250C /* Build configuration list for PBXNativeTarget "WhereIAte" */;
			buildPhases = (
				8B43CE052ACFFE5100E5250C /* Sources */,
				8B43CE062ACFFE5100E5250C /* Frameworks */,
				8B43CE072ACFFE5100E5250C /* Resources */,
				8B43CE2F2AD1B0B300E5250C /* ShellScript */,
			);
			buildRules = (
			);
			dependencies = (
			);
			name = WhereIAte;
			packageProductDependencies = (
				8B43CE732ADAD92900E5250C /* Alamofire */,
				8B43CE762ADAD95500E5250C /* FirebaseAnalyticsWithoutAdIdSupport */,
				8B43CE782ADAD95500E5250C /* FirebaseCrashlytics */,
				8B43CE7B2ADAD97400E5250C /* SnapKit */,
				8B43CE7E2ADAD9D400E5250C /* Realm */,
				8B43CE802ADAD9D400E5250C /* RealmSwift */,
				8B43CE892ADC605800E5250C /* Cosmos */,
			);
			productName = WhereIAte;
			productReference = 8B43CE092ACFFE5100E5250C /* WhereIAte.app */;
			productType = "com.apple.product-type.application";
		};
/* End PBXNativeTarget section */

/* Begin PBXProject section */
		8B43CE012ACFFE5100E5250C /* Project object */ = {
			isa = PBXProject;
			attributes = {
				BuildIndependentTargetsInParallel = 1;
				LastSwiftUpdateCheck = 1430;
				LastUpgradeCheck = 1430;
				TargetAttributes = {
					8B43CE082ACFFE5100E5250C = {
						CreatedOnToolsVersion = 14.3.1;
					};
				};
			};
			buildConfigurationList = 8B43CE042ACFFE5100E5250C /* Build configuration list for PBXProject "WhereIAte" */;
			compatibilityVersion = "Xcode 14.0";
			developmentRegion = en;
			hasScannedForEncodings = 0;
			knownRegions = (
				en,
				Base,
			);
			mainGroup = 8B43CE002ACFFE5100E5250C;
			packageReferences = (
				8B43CE722ADAD92900E5250C /* XCRemoteSwiftPackageReference "Alamofire" */,
				8B43CE752ADAD95500E5250C /* XCRemoteSwiftPackageReference "firebase-ios-sdk" */,
				8B43CE7A2ADAD97400E5250C /* XCRemoteSwiftPackageReference "SnapKit" */,
				8B43CE7D2ADAD9D400E5250C /* XCRemoteSwiftPackageReference "realm-swift" */,
				8B43CE882ADC605800E5250C /* XCRemoteSwiftPackageReference "Cosmos" */,
			);
			productRefGroup = 8B43CE0A2ACFFE5100E5250C /* Products */;
			projectDirPath = "";
			projectRoot = "";
			targets = (
				8B43CE082ACFFE5100E5250C /* WhereIAte */,
			);
		};
/* End PBXProject section */

/* Begin PBXResourcesBuildPhase section */
		8B43CE072ACFFE5100E5250C /* Resources */ = {
			isa = PBXResourcesBuildPhase;
			buildActionMask = 2147483647;
			files = (
				8B43CE2C2AD158DD00E5250C /* .gitignore in Resources */,
				8B43CE192ACFFE5200E5250C /* LaunchScreen.storyboard in Resources */,
				8B43CE162ACFFE5200E5250C /* Assets.xcassets in Resources */,
				8B43CE2E2AD1590A00E5250C /* GoogleService-Info.plist in Resources */,
				8B43CE142ACFFE5100E5250C /* Main.storyboard in Resources */,
			);
			runOnlyForDeploymentPostprocessing = 0;
		};
/* End PBXResourcesBuildPhase section */

/* Begin PBXShellScriptBuildPhase section */
		8B43CE2F2AD1B0B300E5250C /* ShellScript */ = {
			isa = PBXShellScriptBuildPhase;
			buildActionMask = 2147483647;
			files = (
			);
			inputFileListPaths = (
			);
			inputPaths = (
				"${DWARF_DSYM_FOLDER_PATH}/${DWARF_DSYM_FILE_NAME}",
				"${DWARF_DSYM_FOLDER_PATH}/${DWARF_DSYM_FILE_NAME}/Contents/Resources/DWARF/${PRODUCT_NAME}",
				"${DWARF_DSYM_FOLDER_PATH}/${DWARF_DSYM_FILE_NAME}/Contents/Info.plist",
				"$(TARGET_BUILD_DIR)/$(UNLOCALIZED_RESOURCES_FOLDER_PATH)/GoogleService-Info.plist",
				"$(TARGET_BUILD_DIR)/$(EXECUTABLE_PATH)",
			);
			outputFileListPaths = (
			);
			outputPaths = (
			);
			runOnlyForDeploymentPostprocessing = 0;
			shellPath = /bin/sh;
			shellScript = "# Type a script or drag a script file from your workspace to insert its path.\n\"${BUILD_DIR%/Build/*}/SourcePackages/checkouts/firebase-ios-sdk/Crashlytics/run\"\n";
		};
/* End PBXShellScriptBuildPhase section */

/* Begin PBXSourcesBuildPhase section */
		8B43CE052ACFFE5100E5250C /* Sources */ = {
			isa = PBXSourcesBuildPhase;
			buildActionMask = 2147483647;
			files = (
				8BB2D7F82AE28BF400510018 /* TapType.swift in Sources */,
				8B43CE582AD5C3E900E5250C /* Observable.swift in Sources */,
				8B43CE112ACFFE5100E5250C /* ViewController.swift in Sources */,
				8B43CE0D2ACFFE5100E5250C /* AppDelegate.swift in Sources */,
				8B43CE492AD3FD1500E5250C /* BaseViewController.swift in Sources */,
				8BB2D7FE2AE422FA00510018 /* BaseCollectionViewCell.swift in Sources */,
				8B43CE0F2ACFFE5100E5250C /* SceneDelegate.swift in Sources */,
				8B43CE322AD1B62400E5250C /* MainSearchViewController.swift in Sources */,
				8BB2D7FC2AE422DC00510018 /* ImageCollectionViewCell.swift in Sources */,
				8B43CE872ADBF95B00E5250C /* HistoryRegisterViewController.swift in Sources */,
				8B43CE462AD3FCE200E5250C /* MainMapViewController.swift in Sources */,
				8B43CE852ADBE57A00E5250C /* HistoryTable.swift in Sources */,
				8B43CE502AD5178400E5250C /* MainSearchTableViewCell.swift in Sources */,
				8B43CE412AD2F2E700E5250C /* Restaurant.swift in Sources */,
				8B43CE3D2AD2E71D00E5250C /* KakaoLocalAPI.swift in Sources */,
				8B43CE3F2AD2EF9D00E5250C /* Network.swift in Sources */,
				8B43CE542AD5212900E5250C /* MainSearchTableViewController.swift in Sources */,
				8B43CE832ADBDF6900E5250C /* RestaurantTable.swift in Sources */,
				8BB2D7DD2ADFF5CC00510018 /* HistoryDetailViewController.swift in Sources */,
				8B43CE562AD5217D00E5250C /* ReusableViewProtocol.swift in Sources */,
				8BB2D8052AE670BD00510018 /* GradientView.swift in Sources */,
				8B43CE8E2ADE856500E5250C /* FileManager+Extension.swift in Sources */,
				8B43CE382AD1BCEA00E5250C /* RegistedRestaurantListViewController.swift in Sources */,
				8B43CE922ADEC6BB00E5250C /* HistoryTableViewCell.swift in Sources */,
				8B43CE8C2ADE532200E5250C /* RealmRepository.swift in Sources */,
				8BB2D7FA2AE41B9B00510018 /* PageControl.swift in Sources */,
				8B43CE6D2AD83ED800E5250C /* MainMapViewBottomSheetView.swift in Sources */,
				8B43CE522AD517EB00E5250C /* BaseTableViewCell.swift in Sources */,
				8B43CE432AD3169D00E5250C /* MainSearchViewModel.swift in Sources */,
				8BB2D7F42AE10C6800510018 /* RestaurantListCell.swift in Sources */,
				8B43CE712ADAAA6300E5250C /* HistoryListViewController.swift in Sources */,
			);
			runOnlyForDeploymentPostprocessing = 0;
		};
/* End PBXSourcesBuildPhase section */

/* Begin PBXVariantGroup section */
		8B43CE122ACFFE5100E5250C /* Main.storyboard */ = {
			isa = PBXVariantGroup;
			children = (
				8B43CE132ACFFE5100E5250C /* Base */,
			);
			name = Main.storyboard;
			sourceTree = "<group>";
		};
		8B43CE172ACFFE5200E5250C /* LaunchScreen.storyboard */ = {
			isa = PBXVariantGroup;
			children = (
				8B43CE182ACFFE5200E5250C /* Base */,
			);
			name = LaunchScreen.storyboard;
			sourceTree = "<group>";
		};
/* End PBXVariantGroup section */

/* Begin XCBuildConfiguration section */
		8B43CE1B2ACFFE5200E5250C /* Debug */ = {
			isa = XCBuildConfiguration;
			buildSettings = {
				ALWAYS_SEARCH_USER_PATHS = NO;
				CLANG_ANALYZER_NONNULL = YES;
				CLANG_ANALYZER_NUMBER_OBJECT_CONVERSION = YES_AGGRESSIVE;
				CLANG_CXX_LANGUAGE_STANDARD = "gnu++20";
				CLANG_ENABLE_MODULES = YES;
				CLANG_ENABLE_OBJC_ARC = YES;
				CLANG_ENABLE_OBJC_WEAK = YES;
				CLANG_WARN_BLOCK_CAPTURE_AUTORELEASING = YES;
				CLANG_WARN_BOOL_CONVERSION = YES;
				CLANG_WARN_COMMA = YES;
				CLANG_WARN_CONSTANT_CONVERSION = YES;
				CLANG_WARN_DEPRECATED_OBJC_IMPLEMENTATIONS = YES;
				CLANG_WARN_DIRECT_OBJC_ISA_USAGE = YES_ERROR;
				CLANG_WARN_DOCUMENTATION_COMMENTS = YES;
				CLANG_WARN_EMPTY_BODY = YES;
				CLANG_WARN_ENUM_CONVERSION = YES;
				CLANG_WARN_INFINITE_RECURSION = YES;
				CLANG_WARN_INT_CONVERSION = YES;
				CLANG_WARN_NON_LITERAL_NULL_CONVERSION = YES;
				CLANG_WARN_OBJC_IMPLICIT_RETAIN_SELF = YES;
				CLANG_WARN_OBJC_LITERAL_CONVERSION = YES;
				CLANG_WARN_OBJC_ROOT_CLASS = YES_ERROR;
				CLANG_WARN_QUOTED_INCLUDE_IN_FRAMEWORK_HEADER = YES;
				CLANG_WARN_RANGE_LOOP_ANALYSIS = YES;
				CLANG_WARN_STRICT_PROTOTYPES = YES;
				CLANG_WARN_SUSPICIOUS_MOVE = YES;
				CLANG_WARN_UNGUARDED_AVAILABILITY = YES_AGGRESSIVE;
				CLANG_WARN_UNREACHABLE_CODE = YES;
				CLANG_WARN__DUPLICATE_METHOD_MATCH = YES;
				COPY_PHASE_STRIP = NO;
				DEBUG_INFORMATION_FORMAT = dwarf;
				ENABLE_STRICT_OBJC_MSGSEND = YES;
				ENABLE_TESTABILITY = YES;
				GCC_C_LANGUAGE_STANDARD = gnu11;
				GCC_DYNAMIC_NO_PIC = NO;
				GCC_NO_COMMON_BLOCKS = YES;
				GCC_OPTIMIZATION_LEVEL = 0;
				GCC_PREPROCESSOR_DEFINITIONS = (
					"DEBUG=1",
					"$(inherited)",
				);
				GCC_WARN_64_TO_32_BIT_CONVERSION = YES;
				GCC_WARN_ABOUT_RETURN_TYPE = YES_ERROR;
				GCC_WARN_UNDECLARED_SELECTOR = YES;
				GCC_WARN_UNINITIALIZED_AUTOS = YES_AGGRESSIVE;
				GCC_WARN_UNUSED_FUNCTION = YES;
				GCC_WARN_UNUSED_VARIABLE = YES;
				IPHONEOS_DEPLOYMENT_TARGET = 16.4;
				MTL_ENABLE_DEBUG_INFO = INCLUDE_SOURCE;
				MTL_FAST_MATH = YES;
				ONLY_ACTIVE_ARCH = YES;
				SDKROOT = iphoneos;
				SWIFT_ACTIVE_COMPILATION_CONDITIONS = DEBUG;
				SWIFT_OPTIMIZATION_LEVEL = "-Onone";
			};
			name = Debug;
		};
		8B43CE1C2ACFFE5200E5250C /* Release */ = {
			isa = XCBuildConfiguration;
			buildSettings = {
				ALWAYS_SEARCH_USER_PATHS = NO;
				CLANG_ANALYZER_NONNULL = YES;
				CLANG_ANALYZER_NUMBER_OBJECT_CONVERSION = YES_AGGRESSIVE;
				CLANG_CXX_LANGUAGE_STANDARD = "gnu++20";
				CLANG_ENABLE_MODULES = YES;
				CLANG_ENABLE_OBJC_ARC = YES;
				CLANG_ENABLE_OBJC_WEAK = YES;
				CLANG_WARN_BLOCK_CAPTURE_AUTORELEASING = YES;
				CLANG_WARN_BOOL_CONVERSION = YES;
				CLANG_WARN_COMMA = YES;
				CLANG_WARN_CONSTANT_CONVERSION = YES;
				CLANG_WARN_DEPRECATED_OBJC_IMPLEMENTATIONS = YES;
				CLANG_WARN_DIRECT_OBJC_ISA_USAGE = YES_ERROR;
				CLANG_WARN_DOCUMENTATION_COMMENTS = YES;
				CLANG_WARN_EMPTY_BODY = YES;
				CLANG_WARN_ENUM_CONVERSION = YES;
				CLANG_WARN_INFINITE_RECURSION = YES;
				CLANG_WARN_INT_CONVERSION = YES;
				CLANG_WARN_NON_LITERAL_NULL_CONVERSION = YES;
				CLANG_WARN_OBJC_IMPLICIT_RETAIN_SELF = YES;
				CLANG_WARN_OBJC_LITERAL_CONVERSION = YES;
				CLANG_WARN_OBJC_ROOT_CLASS = YES_ERROR;
				CLANG_WARN_QUOTED_INCLUDE_IN_FRAMEWORK_HEADER = YES;
				CLANG_WARN_RANGE_LOOP_ANALYSIS = YES;
				CLANG_WARN_STRICT_PROTOTYPES = YES;
				CLANG_WARN_SUSPICIOUS_MOVE = YES;
				CLANG_WARN_UNGUARDED_AVAILABILITY = YES_AGGRESSIVE;
				CLANG_WARN_UNREACHABLE_CODE = YES;
				CLANG_WARN__DUPLICATE_METHOD_MATCH = YES;
				COPY_PHASE_STRIP = NO;
				DEBUG_INFORMATION_FORMAT = "dwarf-with-dsym";
				ENABLE_NS_ASSERTIONS = NO;
				ENABLE_STRICT_OBJC_MSGSEND = YES;
				GCC_C_LANGUAGE_STANDARD = gnu11;
				GCC_NO_COMMON_BLOCKS = YES;
				GCC_WARN_64_TO_32_BIT_CONVERSION = YES;
				GCC_WARN_ABOUT_RETURN_TYPE = YES_ERROR;
				GCC_WARN_UNDECLARED_SELECTOR = YES;
				GCC_WARN_UNINITIALIZED_AUTOS = YES_AGGRESSIVE;
				GCC_WARN_UNUSED_FUNCTION = YES;
				GCC_WARN_UNUSED_VARIABLE = YES;
				IPHONEOS_DEPLOYMENT_TARGET = 16.4;
				MTL_ENABLE_DEBUG_INFO = NO;
				MTL_FAST_MATH = YES;
				SDKROOT = iphoneos;
				SWIFT_COMPILATION_MODE = wholemodule;
				SWIFT_OPTIMIZATION_LEVEL = "-O";
				VALIDATE_PRODUCT = YES;
			};
			name = Release;
		};
		8B43CE1E2ACFFE5200E5250C /* Debug */ = {
			isa = XCBuildConfiguration;
			buildSettings = {
				ASSETCATALOG_COMPILER_APPICON_NAME = AppIcon;
				ASSETCATALOG_COMPILER_GLOBAL_ACCENT_COLOR_NAME = AccentColor;
				CODE_SIGN_STYLE = Automatic;
				CURRENT_PROJECT_VERSION = 1;
				DEBUG_INFORMATION_FORMAT = "dwarf-with-dsym";
				DEVELOPMENT_TEAM = ZB66AY8DJC;
				GENERATE_INFOPLIST_FILE = YES;
				INFOPLIST_FILE = WhereIAte/Info.plist;
				INFOPLIST_KEY_UIApplicationSupportsIndirectInputEvents = YES;
				INFOPLIST_KEY_UILaunchStoryboardName = LaunchScreen;
				INFOPLIST_KEY_UIMainStoryboardFile = Main;
				INFOPLIST_KEY_UISupportedInterfaceOrientations = UIInterfaceOrientationPortrait;
				INFOPLIST_KEY_UISupportedInterfaceOrientations_iPad = "UIInterfaceOrientationLandscapeLeft UIInterfaceOrientationLandscapeRight UIInterfaceOrientationPortrait UIInterfaceOrientationPortraitUpsideDown";
				IPHONEOS_DEPLOYMENT_TARGET = 15.0;
				LD_RUNPATH_SEARCH_PATHS = (
					"$(inherited)",
					"@executable_path/Frameworks",
				);
				MARKETING_VERSION = 1.0;
				PRODUCT_BUNDLE_IDENTIFIER = com.SoomanHong.WhereIAte;
				PRODUCT_NAME = "$(TARGET_NAME)";
				SUPPORTED_PLATFORMS = "iphoneos iphonesimulator";
				SUPPORTS_MACCATALYST = NO;
				SUPPORTS_MAC_DESIGNED_FOR_IPHONE_IPAD = NO;
				SWIFT_EMIT_LOC_STRINGS = YES;
				SWIFT_VERSION = 5.0;
				TARGETED_DEVICE_FAMILY = 1;
			};
			name = Debug;
		};
		8B43CE1F2ACFFE5200E5250C /* Release */ = {
			isa = XCBuildConfiguration;
			buildSettings = {
				ASSETCATALOG_COMPILER_APPICON_NAME = AppIcon;
				ASSETCATALOG_COMPILER_GLOBAL_ACCENT_COLOR_NAME = AccentColor;
				CODE_SIGN_STYLE = Automatic;
				CURRENT_PROJECT_VERSION = 1;
				DEVELOPMENT_TEAM = ZB66AY8DJC;
				GENERATE_INFOPLIST_FILE = YES;
				INFOPLIST_FILE = WhereIAte/Info.plist;
				INFOPLIST_KEY_UIApplicationSupportsIndirectInputEvents = YES;
				INFOPLIST_KEY_UILaunchStoryboardName = LaunchScreen;
				INFOPLIST_KEY_UIMainStoryboardFile = Main;
				INFOPLIST_KEY_UISupportedInterfaceOrientations = UIInterfaceOrientationPortrait;
				INFOPLIST_KEY_UISupportedInterfaceOrientations_iPad = "UIInterfaceOrientationLandscapeLeft UIInterfaceOrientationLandscapeRight UIInterfaceOrientationPortrait UIInterfaceOrientationPortraitUpsideDown";
				IPHONEOS_DEPLOYMENT_TARGET = 15.0;
				LD_RUNPATH_SEARCH_PATHS = (
					"$(inherited)",
					"@executable_path/Frameworks",
				);
				MARKETING_VERSION = 1.0;
				PRODUCT_BUNDLE_IDENTIFIER = com.SoomanHong.WhereIAte;
				PRODUCT_NAME = "$(TARGET_NAME)";
				SUPPORTED_PLATFORMS = "iphoneos iphonesimulator";
				SUPPORTS_MACCATALYST = NO;
				SUPPORTS_MAC_DESIGNED_FOR_IPHONE_IPAD = NO;
				SWIFT_EMIT_LOC_STRINGS = YES;
				SWIFT_VERSION = 5.0;
				TARGETED_DEVICE_FAMILY = 1;
			};
			name = Release;
		};
/* End XCBuildConfiguration section */

/* Begin XCConfigurationList section */
		8B43CE042ACFFE5100E5250C /* Build configuration list for PBXProject "WhereIAte" */ = {
			isa = XCConfigurationList;
			buildConfigurations = (
				8B43CE1B2ACFFE5200E5250C /* Debug */,
				8B43CE1C2ACFFE5200E5250C /* Release */,
			);
			defaultConfigurationIsVisible = 0;
			defaultConfigurationName = Release;
		};
		8B43CE1D2ACFFE5200E5250C /* Build configuration list for PBXNativeTarget "WhereIAte" */ = {
			isa = XCConfigurationList;
			buildConfigurations = (
				8B43CE1E2ACFFE5200E5250C /* Debug */,
				8B43CE1F2ACFFE5200E5250C /* Release */,
			);
			defaultConfigurationIsVisible = 0;
			defaultConfigurationName = Release;
		};
/* End XCConfigurationList section */

/* Begin XCRemoteSwiftPackageReference section */
		8B43CE722ADAD92900E5250C /* XCRemoteSwiftPackageReference "Alamofire" */ = {
			isa = XCRemoteSwiftPackageReference;
			repositoryURL = "https://github.com/Alamofire/Alamofire";
			requirement = {
				kind = upToNextMajorVersion;
				minimumVersion = 5.0.0;
			};
		};
		8B43CE752ADAD95500E5250C /* XCRemoteSwiftPackageReference "firebase-ios-sdk" */ = {
			isa = XCRemoteSwiftPackageReference;
			repositoryURL = "https://github.com/firebase/firebase-ios-sdk";
			requirement = {
				kind = upToNextMajorVersion;
				minimumVersion = 10.0.0;
			};
		};
		8B43CE7A2ADAD97400E5250C /* XCRemoteSwiftPackageReference "SnapKit" */ = {
			isa = XCRemoteSwiftPackageReference;
			repositoryURL = "https://github.com/SnapKit/SnapKit.git";
			requirement = {
				kind = upToNextMajorVersion;
				minimumVersion = 5.0.0;
			};
		};
		8B43CE7D2ADAD9D400E5250C /* XCRemoteSwiftPackageReference "realm-swift" */ = {
			isa = XCRemoteSwiftPackageReference;
			repositoryURL = "https://github.com/realm/realm-swift.git";
			requirement = {
				kind = upToNextMajorVersion;
				minimumVersion = 10.43.0;
			};
		};
		8B43CE882ADC605800E5250C /* XCRemoteSwiftPackageReference "Cosmos" */ = {
			isa = XCRemoteSwiftPackageReference;
			repositoryURL = "https://github.com/evgenyneu/Cosmos";
			requirement = {
				kind = upToNextMajorVersion;
				minimumVersion = 23.0.0;
			};
		};
/* End XCRemoteSwiftPackageReference section */

/* Begin XCSwiftPackageProductDependency section */
		8B43CE732ADAD92900E5250C /* Alamofire */ = {
			isa = XCSwiftPackageProductDependency;
			package = 8B43CE722ADAD92900E5250C /* XCRemoteSwiftPackageReference "Alamofire" */;
			productName = Alamofire;
		};
		8B43CE762ADAD95500E5250C /* FirebaseAnalyticsWithoutAdIdSupport */ = {
			isa = XCSwiftPackageProductDependency;
			package = 8B43CE752ADAD95500E5250C /* XCRemoteSwiftPackageReference "firebase-ios-sdk" */;
			productName = FirebaseAnalyticsWithoutAdIdSupport;
		};
		8B43CE782ADAD95500E5250C /* FirebaseCrashlytics */ = {
			isa = XCSwiftPackageProductDependency;
			package = 8B43CE752ADAD95500E5250C /* XCRemoteSwiftPackageReference "firebase-ios-sdk" */;
			productName = FirebaseCrashlytics;
		};
		8B43CE7B2ADAD97400E5250C /* SnapKit */ = {
			isa = XCSwiftPackageProductDependency;
			package = 8B43CE7A2ADAD97400E5250C /* XCRemoteSwiftPackageReference "SnapKit" */;
			productName = SnapKit;
		};
		8B43CE7E2ADAD9D400E5250C /* Realm */ = {
			isa = XCSwiftPackageProductDependency;
			package = 8B43CE7D2ADAD9D400E5250C /* XCRemoteSwiftPackageReference "realm-swift" */;
			productName = Realm;
		};
		8B43CE802ADAD9D400E5250C /* RealmSwift */ = {
			isa = XCSwiftPackageProductDependency;
			package = 8B43CE7D2ADAD9D400E5250C /* XCRemoteSwiftPackageReference "realm-swift" */;
			productName = RealmSwift;
		};
		8B43CE892ADC605800E5250C /* Cosmos */ = {
			isa = XCSwiftPackageProductDependency;
			package = 8B43CE882ADC605800E5250C /* XCRemoteSwiftPackageReference "Cosmos" */;
			productName = Cosmos;
		};
/* End XCSwiftPackageProductDependency section */
	};
	rootObject = 8B43CE012ACFFE5100E5250C /* Project object */;
}
